// !$*UTF8*$!
{
	archiveVersion = 1;
	classes = {
	};
	objectVersion = 46;
	objects = {

/* Begin PBXBuildFile section */
		501C8DBB1C7CBD94003504AD /* TestBundle.bundle in Resources */ = {isa = PBXBuildFile; fileRef = 501C8DB91C7CBD94003504AD /* TestBundle.bundle */; };
		501C8DD11C7CC810003504AD /* TestBundle.framework in Frameworks */ = {isa = PBXBuildFile; fileRef = 501C8DCF1C7CC806003504AD /* TestBundle.framework */; };
		501C8DD21C7CC810003504AD /* TestBundle.framework in Embed Frameworks */ = {isa = PBXBuildFile; fileRef = 501C8DCF1C7CC806003504AD /* TestBundle.framework */; settings = {ATTRIBUTES = (CodeSignOnCopy, RemoveHeadersOnCopy, ); }; };
		50CE0F461C7B045300CF8AF1 /* main.m in Sources */ = {isa = PBXBuildFile; fileRef = 50CE0F451C7B045300CF8AF1 /* main.m */; };
		50CE0F491C7B045300CF8AF1 /* AppDelegate.m in Sources */ = {isa = PBXBuildFile; fileRef = 50CE0F481C7B045300CF8AF1 /* AppDelegate.m */; };
		50CE0F4C1C7B045300CF8AF1 /* ViewController.m in Sources */ = {isa = PBXBuildFile; fileRef = 50CE0F4B1C7B045300CF8AF1 /* ViewController.m */; };
		50CE0F4F1C7B045300CF8AF1 /* Main.storyboard in Resources */ = {isa = PBXBuildFile; fileRef = 50CE0F4D1C7B045300CF8AF1 /* Main.storyboard */; };
		50CE0F511C7B045300CF8AF1 /* Assets.xcassets in Resources */ = {isa = PBXBuildFile; fileRef = 50CE0F501C7B045300CF8AF1 /* Assets.xcassets */; };
		50CE0F541C7B045300CF8AF1 /* LaunchScreen.storyboard in Resources */ = {isa = PBXBuildFile; fileRef = 50CE0F521C7B045300CF8AF1 /* LaunchScreen.storyboard */; };
		50CE0F5F1C7B045300CF8AF1 /* WXTestBundleDemoTests.m in Sources */ = {isa = PBXBuildFile; fileRef = 50CE0F5E1C7B045300CF8AF1 /* WXTestBundleDemoTests.m */; };
/* End PBXBuildFile section */

/* Begin PBXContainerItemProxy section */
		50CE0F5B1C7B045300CF8AF1 /* PBXContainerItemProxy */ = {
			isa = PBXContainerItemProxy;
			containerPortal = 50CE0F391C7B045300CF8AF1 /* Project object */;
			proxyType = 1;
			remoteGlobalIDString = 50CE0F401C7B045300CF8AF1;
			remoteInfo = WXTestBundleDemo;
		};
/* End PBXContainerItemProxy section */

/* Begin PBXCopyFilesBuildPhase section */
		50CE0F721C7B04C500CF8AF1 /* Embed Frameworks */ = {
			isa = PBXCopyFilesBuildPhase;
			buildActionMask = 2147483647;
			dstPath = "";
			dstSubfolderSpec = 10;
			files = (
				501C8DD21C7CC810003504AD /* TestBundle.framework in Embed Frameworks */,
			);
			name = "Embed Frameworks";
			runOnlyForDeploymentPostprocessing = 0;
		};
/* End PBXCopyFilesBuildPhase section */

/* Begin PBXFileReference section */
		501C8DB91C7CBD94003504AD /* TestBundle.bundle */ = {isa = PBXFileReference; lastKnownFileType = "wrapper.plug-in"; path = TestBundle.bundle; sourceTree = "<group>"; };
		501C8DCF1C7CC806003504AD /* TestBundle.framework */ = {isa = PBXFileReference; lastKnownFileType = wrapper.framework; path = TestBundle.framework; sourceTree = "<group>"; };
		50CE0F411C7B045300CF8AF1 /* WXTestBundleDemo.app */ = {isa = PBXFileReference; explicitFileType = wrapper.application; includeInIndex = 0; path = WXTestBundleDemo.app; sourceTree = BUILT_PRODUCTS_DIR; };
		50CE0F451C7B045300CF8AF1 /* main.m */ = {isa = PBXFileReference; lastKnownFileType = sourcecode.c.objc; path = main.m; sourceTree = "<group>"; };
		50CE0F471C7B045300CF8AF1 /* AppDelegate.h */ = {isa = PBXFileReference; lastKnownFileType = sourcecode.c.h; path = AppDelegate.h; sourceTree = "<group>"; };
		50CE0F481C7B045300CF8AF1 /* AppDelegate.m */ = {isa = PBXFileReference; lastKnownFileType = sourcecode.c.objc; path = AppDelegate.m; sourceTree = "<group>"; };
		50CE0F4A1C7B045300CF8AF1 /* ViewController.h */ = {isa = PBXFileReference; lastKnownFileType = sourcecode.c.h; path = ViewController.h; sourceTree = "<group>"; };
		50CE0F4B1C7B045300CF8AF1 /* ViewController.m */ = {isa = PBXFileReference; lastKnownFileType = sourcecode.c.objc; path = ViewController.m; sourceTree = "<group>"; };
		50CE0F4E1C7B045300CF8AF1 /* Base */ = {isa = PBXFileReference; lastKnownFileType = file.storyboard; name = Base; path = Base.lproj/Main.storyboard; sourceTree = "<group>"; };
		50CE0F501C7B045300CF8AF1 /* Assets.xcassets */ = {isa = PBXFileReference; lastKnownFileType = folder.assetcatalog; path = Assets.xcassets; sourceTree = "<group>"; };
		50CE0F531C7B045300CF8AF1 /* Base */ = {isa = PBXFileReference; lastKnownFileType = file.storyboard; name = Base; path = Base.lproj/LaunchScreen.storyboard; sourceTree = "<group>"; };
		50CE0F551C7B045300CF8AF1 /* Info.plist */ = {isa = PBXFileReference; lastKnownFileType = text.plist.xml; path = Info.plist; sourceTree = "<group>"; };
		50CE0F5A1C7B045300CF8AF1 /* WXTestBundleDemoTests.xctest */ = {isa = PBXFileReference; explicitFileType = wrapper.cfbundle; includeInIndex = 0; path = WXTestBundleDemoTests.xctest; sourceTree = BUILT_PRODUCTS_DIR; };
		50CE0F5E1C7B045300CF8AF1 /* WXTestBundleDemoTests.m */ = {isa = PBXFileReference; lastKnownFileType = sourcecode.c.objc; path = WXTestBundleDemoTests.m; sourceTree = "<group>"; };
		50CE0F601C7B045300CF8AF1 /* Info.plist */ = {isa = PBXFileReference; lastKnownFileType = text.plist.xml; path = Info.plist; sourceTree = "<group>"; };
/* End PBXFileReference section */

/* Begin PBXFrameworksBuildPhase section */
		50CE0F3E1C7B045300CF8AF1 /* Frameworks */ = {
			isa = PBXFrameworksBuildPhase;
			buildActionMask = 2147483647;
			files = (
				501C8DD11C7CC810003504AD /* TestBundle.framework in Frameworks */,
			);
			runOnlyForDeploymentPostprocessing = 0;
		};
		50CE0F571C7B045300CF8AF1 /* Frameworks */ = {
			isa = PBXFrameworksBuildPhase;
			buildActionMask = 2147483647;
			files = (
			);
			runOnlyForDeploymentPostprocessing = 0;
		};
/* End PBXFrameworksBuildPhase section */

/* Begin PBXGroup section */
		50CE0F381C7B045300CF8AF1 = {
			isa = PBXGroup;
			children = (
				501C8DCF1C7CC806003504AD /* TestBundle.framework */,
				501C8DB91C7CBD94003504AD /* TestBundle.bundle */,
				50CE0F431C7B045300CF8AF1 /* WXTestBundleDemo */,
				50CE0F5D1C7B045300CF8AF1 /* WXTestBundleDemoTests */,
				50CE0F421C7B045300CF8AF1 /* Products */,
			);
			sourceTree = "<group>";
		};
		50CE0F421C7B045300CF8AF1 /* Products */ = {
			isa = PBXGroup;
			children = (
				50CE0F411C7B045300CF8AF1 /* WXTestBundleDemo.app */,
				50CE0F5A1C7B045300CF8AF1 /* WXTestBundleDemoTests.xctest */,
			);
			name = Products;
			sourceTree = "<group>";
		};
		50CE0F431C7B045300CF8AF1 /* WXTestBundleDemo */ = {
			isa = PBXGroup;
			children = (
				50CE0F471C7B045300CF8AF1 /* AppDelegate.h */,
				50CE0F481C7B045300CF8AF1 /* AppDelegate.m */,
				50CE0F4A1C7B045300CF8AF1 /* ViewController.h */,
				50CE0F4B1C7B045300CF8AF1 /* ViewController.m */,
				50CE0F4D1C7B045300CF8AF1 /* Main.storyboard */,
				50CE0F501C7B045300CF8AF1 /* Assets.xcassets */,
				50CE0F521C7B045300CF8AF1 /* LaunchScreen.storyboard */,
				50CE0F551C7B045300CF8AF1 /* Info.plist */,
				50CE0F441C7B045300CF8AF1 /* Supporting Files */,
			);
			path = WXTestBundleDemo;
			sourceTree = "<group>";
		};
		50CE0F441C7B045300CF8AF1 /* Supporting Files */ = {
			isa = PBXGroup;
			children = (
				50CE0F451C7B045300CF8AF1 /* main.m */,
			);
			name = "Supporting Files";
			sourceTree = "<group>";
		};
		50CE0F5D1C7B045300CF8AF1 /* WXTestBundleDemoTests */ = {
			isa = PBXGroup;
			children = (
				50CE0F5E1C7B045300CF8AF1 /* WXTestBundleDemoTests.m */,
				50CE0F601C7B045300CF8AF1 /* Info.plist */,
			);
			path = WXTestBundleDemoTests;
			sourceTree = "<group>";
		};
/* End PBXGroup section */

/* Begin PBXNativeTarget section */
		50CE0F401C7B045300CF8AF1 /* WXTestBundleDemo */ = {
			isa = PBXNativeTarget;
			buildConfigurationList = 50CE0F631C7B045300CF8AF1 /* Build configuration list for PBXNativeTarget "WXTestBundleDemo" */;
			buildPhases = (
				50CE0F3D1C7B045300CF8AF1 /* Sources */,
				50CE0F3E1C7B045300CF8AF1 /* Frameworks */,
				50CE0F3F1C7B045300CF8AF1 /* Resources */,
				50CE0F721C7B04C500CF8AF1 /* Embed Frameworks */,
			);
			buildRules = (
			);
			dependencies = (
			);
			name = WXTestBundleDemo;
			productName = WXTestBundleDemo;
			productReference = 50CE0F411C7B045300CF8AF1 /* WXTestBundleDemo.app */;
			productType = "com.apple.product-type.application";
		};
		50CE0F591C7B045300CF8AF1 /* WXTestBundleDemoTests */ = {
			isa = PBXNativeTarget;
			buildConfigurationList = 50CE0F661C7B045300CF8AF1 /* Build configuration list for PBXNativeTarget "WXTestBundleDemoTests" */;
			buildPhases = (
				50CE0F561C7B045300CF8AF1 /* Sources */,
				50CE0F571C7B045300CF8AF1 /* Frameworks */,
				50CE0F581C7B045300CF8AF1 /* Resources */,
			);
			buildRules = (
			);
			dependencies = (
				50CE0F5C1C7B045300CF8AF1 /* PBXTargetDependency */,
			);
			name = WXTestBundleDemoTests;
			productName = WXTestBundleDemoTests;
			productReference = 50CE0F5A1C7B045300CF8AF1 /* WXTestBundleDemoTests.xctest */;
			productType = "com.apple.product-type.bundle.unit-test";
		};
/* End PBXNativeTarget section */

/* Begin PBXProject section */
		50CE0F391C7B045300CF8AF1 /* Project object */ = {
			isa = PBXProject;
			attributes = {
				LastUpgradeCheck = 0710;
				ORGANIZATIONNAME = wenchao;
				TargetAttributes = {
					50CE0F401C7B045300CF8AF1 = {
						CreatedOnToolsVersion = 7.1;
					};
					50CE0F591C7B045300CF8AF1 = {
						CreatedOnToolsVersion = 7.1;
						TestTargetID = 50CE0F401C7B045300CF8AF1;
					};
				};
			};
			buildConfigurationList = 50CE0F3C1C7B045300CF8AF1 /* Build configuration list for PBXProject "WXTestBundleDemo" */;
			compatibilityVersion = "Xcode 3.2";
			developmentRegion = English;
			hasScannedForEncodings = 0;
			knownRegions = (
				en,
				Base,
			);
			mainGroup = 50CE0F381C7B045300CF8AF1;
			productRefGroup = 50CE0F421C7B045300CF8AF1 /* Products */;
			projectDirPath = "";
			projectRoot = "";
			targets = (
				50CE0F401C7B045300CF8AF1 /* WXTestBundleDemo */,
				50CE0F591C7B045300CF8AF1 /* WXTestBundleDemoTests */,
			);
		};
/* End PBXProject section */

/* Begin PBXResourcesBuildPhase section */
		50CE0F3F1C7B045300CF8AF1 /* Resources */ = {
			isa = PBXResourcesBuildPhase;
			buildActionMask = 2147483647;
			files = (
				50CE0F541C7B045300CF8AF1 /* LaunchScreen.storyboard in Resources */,
				50CE0F511C7B045300CF8AF1 /* Assets.xcassets in Resources */,
				50CE0F4F1C7B045300CF8AF1 /* Main.storyboard in Resources */,
				501C8DBB1C7CBD94003504AD /* TestBundle.bundle in Resources */,
			);
			runOnlyForDeploymentPostprocessing = 0;
		};
		50CE0F581C7B045300CF8AF1 /* Resources */ = {
			isa = PBXResourcesBuildPhase;
			buildActionMask = 2147483647;
			files = (
			);
			runOnlyForDeploymentPostprocessing = 0;
		};
/* End PBXResourcesBuildPhase section */

/* Begin PBXSourcesBuildPhase section */
		50CE0F3D1C7B045300CF8AF1 /* Sources */ = {
			isa = PBXSourcesBuildPhase;
			buildActionMask = 2147483647;
			files = (
				50CE0F4C1C7B045300CF8AF1 /* ViewController.m in Sources */,
				50CE0F491C7B045300CF8AF1 /* AppDelegate.m in Sources */,
				50CE0F461C7B045300CF8AF1 /* main.m in Sources */,
			);
			runOnlyForDeploymentPostprocessing = 0;
		};
		50CE0F561C7B045300CF8AF1 /* Sources */ = {
			isa = PBXSourcesBuildPhase;
			buildActionMask = 2147483647;
			files = (
				50CE0F5F1C7B045300CF8AF1 /* WXTestBundleDemoTests.m in Sources */,
			);
			runOnlyForDeploymentPostprocessing = 0;
		};
/* End PBXSourcesBuildPhase section */

/* Begin PBXTargetDependency section */
		50CE0F5C1C7B045300CF8AF1 /* PBXTargetDependency */ = {
			isa = PBXTargetDependency;
			target = 50CE0F401C7B045300CF8AF1 /* WXTestBundleDemo */;
			targetProxy = 50CE0F5B1C7B045300CF8AF1 /* PBXContainerItemProxy */;
		};
/* End PBXTargetDependency section */

/* Begin PBXVariantGroup section */
		50CE0F4D1C7B045300CF8AF1 /* Main.storyboard */ = {
			isa = PBXVariantGroup;
			children = (
				50CE0F4E1C7B045300CF8AF1 /* Base */,
			);
			name = Main.storyboard;
			sourceTree = "<group>";
		};
		50CE0F521C7B045300CF8AF1 /* LaunchScreen.storyboard */ = {
			isa = PBXVariantGroup;
			children = (
				50CE0F531C7B045300CF8AF1 /* Base */,
			);
			name = LaunchScreen.storyboard;
			sourceTree = "<group>";
		};
/* End PBXVariantGroup section */

/* Begin XCBuildConfiguration section */
		50CE0F611C7B045300CF8AF1 /* Debug */ = {
			isa = XCBuildConfiguration;
			buildSettings = {
				ALWAYS_SEARCH_USER_PATHS = NO;
				CLANG_CXX_LANGUAGE_STANDARD = "gnu++0x";
				CLANG_CXX_LIBRARY = "libc++";
				CLANG_ENABLE_MODULES = YES;
				CLANG_ENABLE_OBJC_ARC = YES;
				CLANG_WARN_BOOL_CONVERSION = YES;
				CLANG_WARN_CONSTANT_CONVERSION = YES;
				CLANG_WARN_DIRECT_OBJC_ISA_USAGE = YES_ERROR;
				CLANG_WARN_EMPTY_BODY = YES;
				CLANG_WARN_ENUM_CONVERSION = YES;
				CLANG_WARN_INT_CONVERSION = YES;
				CLANG_WARN_OBJC_ROOT_CLASS = YES_ERROR;
				CLANG_WARN_UNREACHABLE_CODE = YES;
				CLANG_WARN__DUPLICATE_METHOD_MATCH = YES;
				"CODE_SIGN_IDENTITY[sdk=iphoneos*]" = "iPhone Developer";
				COPY_PHASE_STRIP = NO;
				DEBUG_INFORMATION_FORMAT = dwarf;
				ENABLE_STRICT_OBJC_MSGSEND = YES;
				ENABLE_TESTABILITY = YES;
				GCC_C_LANGUAGE_STANDARD = gnu99;
				GCC_DYNAMIC_NO_PIC = NO;
				GCC_NO_COMMON_BLOCKS = YES;
				GCC_OPTIMIZATION_LEVEL = 0;
				GCC_PREPROCESSOR_DEFINITIONS = (
					"DEBUG=1",
					"$(inherited)",
				);
				GCC_WARN_64_TO_32_BIT_CONVERSION = YES;
				GCC_WARN_ABOUT_RETURN_TYPE = YES_ERROR;
				GCC_WARN_UNDECLARED_SELECTOR = YES;
				GCC_WARN_UNINITIALIZED_AUTOS = YES_AGGRESSIVE;
				GCC_WARN_UNUSED_FUNCTION = YES;
				GCC_WARN_UNUSED_VARIABLE = YES;
				IPHONEOS_DEPLOYMENT_TARGET = 9.1;
				MTL_ENABLE_DEBUG_INFO = YES;
				ONLY_ACTIVE_ARCH = YES;
				SDKROOT = iphoneos;
				TARGETED_DEVICE_FAMILY = "1,2";
			};
			name = Debug;
		};
		50CE0F621C7B045300CF8AF1 /* Release */ = {
			isa = XCBuildConfiguration;
			buildSettings = {
				ALWAYS_SEARCH_USER_PATHS = NO;
				CLANG_CXX_LANGUAGE_STANDARD = "gnu++0x";
				CLANG_CXX_LIBRARY = "libc++";
				CLANG_ENABLE_MODULES = YES;
				CLANG_ENABLE_OBJC_ARC = YES;
				CLANG_WARN_BOOL_CONVERSION = YES;
				CLANG_WARN_CONSTANT_CONVERSION = YES;
				CLANG_WARN_DIRECT_OBJC_ISA_USAGE = YES_ERROR;
				CLANG_WARN_EMPTY_BODY = YES;
				CLANG_WARN_ENUM_CONVERSION = YES;
				CLANG_WARN_INT_CONVERSION = YES;
				CLANG_WARN_OBJC_ROOT_CLASS = YES_ERROR;
				CLANG_WARN_UNREACHABLE_CODE = YES;
				CLANG_WARN__DUPLICATE_METHOD_MATCH = YES;
				"CODE_SIGN_IDENTITY[sdk=iphoneos*]" = "iPhone Developer";
				COPY_PHASE_STRIP = NO;
				DEBUG_INFORMATION_FORMAT = "dwarf-with-dsym";
				ENABLE_NS_ASSERTIONS = NO;
				ENABLE_STRICT_OBJC_MSGSEND = YES;
				GCC_C_LANGUAGE_STANDARD = gnu99;
				GCC_NO_COMMON_BLOCKS = YES;
				GCC_WARN_64_TO_32_BIT_CONVERSION = YES;
				GCC_WARN_ABOUT_RETURN_TYPE = YES_ERROR;
				GCC_WARN_UNDECLARED_SELECTOR = YES;
				GCC_WARN_UNINITIALIZED_AUTOS = YES_AGGRESSIVE;
				GCC_WARN_UNUSED_FUNCTION = YES;
				GCC_WARN_UNUSED_VARIABLE = YES;
				IPHONEOS_DEPLOYMENT_TARGET = 9.1;
				MTL_ENABLE_DEBUG_INFO = NO;
				SDKROOT = iphoneos;
				TARGETED_DEVICE_FAMILY = "1,2";
				VALIDATE_PRODUCT = YES;
			};
			name = Release;
		};
		50CE0F641C7B045300CF8AF1 /* Debug */ = {
			isa = XCBuildConfiguration;
			buildSettings = {
				ASSETCATALOG_COMPILER_APPICON_NAME = AppIcon;
				FRAMEWORK_SEARCH_PATHS = (
					"$(inherited)",
					"$(PROJECT_DIR)",
					"$(PROJECT_DIR)/TestBundle.bundle",
				);
				INFOPLIST_FILE = WXTestBundleDemo/Info.plist;
				LD_RUNPATH_SEARCH_PATHS = "$(inherited) @executable_path/Frameworks";
				LIBRARY_SEARCH_PATHS = (
					"$(inherited)",
					"$(PROJECT_DIR)/WXTestBundleDemo",
				);
				PRODUCT_BUNDLE_IDENTIFIER = com.WXTestBundleDemo;
				PRODUCT_NAME = "$(TARGET_NAME)";
			};
			name = Debug;
		};
		50CE0F651C7B045300CF8AF1 /* Release */ = {
			isa = XCBuildConfiguration;
			buildSettings = {
				ASSETCATALOG_COMPILER_APPICON_NAME = AppIcon;
				FRAMEWORK_SEARCH_PATHS = (
					"$(inherited)",
					"$(PROJECT_DIR)",
					"$(PROJECT_DIR)/TestBundle.bundle",
				);
				INFOPLIST_FILE = WXTestBundleDemo/Info.plist;
				LD_RUNPATH_SEARCH_PATHS = "$(inherited) @executable_path/Frameworks";
				LIBRARY_SEARCH_PATHS = (
					"$(inherited)",
					"$(PROJECT_DIR)/WXTestBundleDemo",
				);
				PRODUCT_BUNDLE_IDENTIFIER = com.WXTestBundleDemo;
				PRODUCT_NAME = "$(TARGET_NAME)";
			};
			name = Release;
		};
		50CE0F671C7B045300CF8AF1 /* Debug */ = {
			isa = XCBuildConfiguration;
			buildSettings = {
				BUNDLE_LOADER = "$(TEST_HOST)";
				INFOPLIST_FILE = WXTestBundleDemoTests/Info.plist;
				LD_RUNPATH_SEARCH_PATHS = "$(inherited) @executable_path/Frameworks @loader_path/Frameworks";
				PRODUCT_BUNDLE_IDENTIFIER = com.WXTestBundleDemoTests;
				PRODUCT_NAME = "$(TARGET_NAME)";
				TEST_HOST = "$(BUILT_PRODUCTS_DIR)/WXTestBundleDemo.app/WXTestBundleDemo";
			};
			name = Debug;
		};
		50CE0F681C7B045300CF8AF1 /* Release */ = {
			isa = XCBuildConfiguration;
			buildSettings = {
				BUNDLE_LOADER = "$(TEST_HOST)";
				INFOPLIST_FILE = WXTestBundleDemoTests/Info.plist;
				LD_RUNPATH_SEARCH_PATHS = "$(inherited) @executable_path/Frameworks @loader_path/Frameworks";
				PRODUCT_BUNDLE_IDENTIFIER = com.WXTestBundleDemoTests;
				PRODUCT_NAME = "$(TARGET_NAME)";
				TEST_HOST = "$(BUILT_PRODUCTS_DIR)/WXTestBundleDemo.app/WXTestBundleDemo";
			};
			name = Release;
		};
/* End XCBuildConfiguration section */

/* Begin XCConfigurationList section */
		50CE0F3C1C7B045300CF8AF1 /* Build configuration list for PBXProject "WXTestBundleDemo" */ = {
			isa = XCConfigurationList;
			buildConfigurations = (
				50CE0F611C7B045300CF8AF1 /* Debug */,
				50CE0F621C7B045300CF8AF1 /* Release */,
			);
			defaultConfigurationIsVisible = 0;
			defaultConfigurationName = Release;
		};
		50CE0F631C7B045300CF8AF1 /* Build configuration list for PBXNativeTarget "WXTestBundleDemo" */ = {
			isa = XCConfigurationList;
			buildConfigurations = (
				50CE0F641C7B045300CF8AF1 /* Debug */,
				50CE0F651C7B045300CF8AF1 /* Release */,
			);
			defaultConfigurationIsVisible = 0;
			defaultConfigurationName = Release;
		};
		50CE0F661C7B045300CF8AF1 /* Build configuration list for PBXNativeTarget "WXTestBundleDemoTests" */ = {
			isa = XCConfigurationList;
			buildConfigurations = (
				50CE0F671C7B045300CF8AF1 /* Debug */,
				50CE0F681C7B045300CF8AF1 /* Release */,
			);
			defaultConfigurationIsVisible = 0;
			defaultConfigurationName = Release;
		};
/* End XCConfigurationList section */
	};
	rootObject = 50CE0F391C7B045300CF8AF1 /* Project object */;
}
